
Microsoft Visual Studio Solution File, Format Version 12.00
Project("{FAE04EC0-301F-11D3-BF4B-00C04F79EFBC}") = "Flushed Selfbot", "Flushed Selfbot\Flushed Selfbot.csproj", "{7B53E7EE-75B1-4854-B442-40D71293627A}"
EndProject
Global
	GlobalSection(SolutionConfigurationPlatforms) = preSolution
		Debug|Any CPU = Debug|Any CPU
		Release|Any CPU = Release|Any CPU
	EndGlobalSection
	GlobalSection(ProjectConfigurationPlatforms) = postSolution
		{7B53E7EE-75B1-4854-B442-40D71293627A}.Debug|Any CPU.ActiveCfg = Debug|Any CPU
		{7B53E7EE-75B1-4854-B442-40D71293627A}.Debug|Any CPU.Build.0 = Debug|Any CPU
		{7B53E7EE-75B1-4854-B442-40D71293627A}.Release|Any CPU.ActiveCfg = Release|Any CPU
		{7B53E7EE-75B1-4854-B442-40D71293627A}.Release|Any CPU.Build.0 = Release|Any CPU
		{7B53E7EE-75B1-4854-B442-40D71293627A}.Debug|Any CPU.Deploy.0 = Debug|Any CPU
		{7B53E7EE-75B1-4854-B442-40D71293627A}.Release|Any CPU.Deploy.0 = Release|Any CPU
	EndGlobalSection
EndGlobal
